
Microsoft Visual Studio Solution File, Format Version 12.00
# Visual Studio 15
Project("{FAE04EC0-301F-11D3-BF4B-00C04F79EFBC}") = "Testsubscribecallback.Android", "Testsubscribecallback.Android\Testsubscribecallback.Android.csproj", "{FFE0B6B0-4ADD-42D6-9790-7FB38A71D87E}"
EndProject
Project("{FAE04EC0-301F-11D3-BF4B-00C04F79EFBC}") = "Testsubscribecallback.iOS", "Testsubscribecallback.iOS\Testsubscribecallback.iOS.csproj", "{FB393F14-8C00-4CF9-95CD-19B5092311A1}"
EndProject
Project("{FAE04EC0-301F-11D3-BF4B-00C04F79EFBC}") = "Testsubscribecallback", "Testsubscribecallback\Testsubscribecallback.csproj", "{BD3B9136-698D-42EB-AC27-392C83D12C80}"
EndProject
Global
	GlobalSection(SolutionConfigurationPlatforms) = preSolution
		Debug|Any CPU = Debug|Any CPU
		Release|Any CPU = Release|Any CPU
		Debug|iPhoneSimulator = Debug|iPhoneSimulator
		Release|iPhoneSimulator = Release|iPhoneSimulator
		Debug|iPhone = Debug|iPhone
		Release|iPhone = Release|iPhone
	EndGlobalSection
	GlobalSection(ProjectConfigurationPlatforms) = postSolution
		{FFE0B6B0-4ADD-42D6-9790-7FB38A71D87E}.Debug|Any CPU.ActiveCfg = Debug|Any CPU
		{FFE0B6B0-4ADD-42D6-9790-7FB38A71D87E}.Debug|Any CPU.Build.0 = Debug|Any CPU
		{FFE0B6B0-4ADD-42D6-9790-7FB38A71D87E}.Release|Any CPU.ActiveCfg = Release|Any CPU
		{FFE0B6B0-4ADD-42D6-9790-7FB38A71D87E}.Release|Any CPU.Build.0 = Release|Any CPU
		{FFE0B6B0-4ADD-42D6-9790-7FB38A71D87E}.Debug|iPhoneSimulator.ActiveCfg = Debug|Any CPU
		{FFE0B6B0-4ADD-42D6-9790-7FB38A71D87E}.Debug|iPhoneSimulator.Build.0 = Debug|Any CPU
		{FFE0B6B0-4ADD-42D6-9790-7FB38A71D87E}.Release|iPhoneSimulator.ActiveCfg = Release|Any CPU
		{FFE0B6B0-4ADD-42D6-9790-7FB38A71D87E}.Release|iPhoneSimulator.Build.0 = Release|Any CPU
		{FFE0B6B0-4ADD-42D6-9790-7FB38A71D87E}.Debug|iPhone.ActiveCfg = Debug|Any CPU
		{FFE0B6B0-4ADD-42D6-9790-7FB38A71D87E}.Debug|iPhone.Build.0 = Debug|Any CPU
		{FFE0B6B0-4ADD-42D6-9790-7FB38A71D87E}.Release|iPhone.ActiveCfg = Release|Any CPU
		{FFE0B6B0-4ADD-42D6-9790-7FB38A71D87E}.Release|iPhone.Build.0 = Release|Any CPU
		{FB393F14-8C00-4CF9-95CD-19B5092311A1}.Debug|Any CPU.ActiveCfg = Debug|iPhoneSimulator
		{FB393F14-8C00-4CF9-95CD-19B5092311A1}.Debug|Any CPU.Build.0 = Debug|iPhoneSimulator
		{FB393F14-8C00-4CF9-95CD-19B5092311A1}.Release|Any CPU.ActiveCfg = Release|iPhoneSimulator
		{FB393F14-8C00-4CF9-95CD-19B5092311A1}.Release|Any CPU.Build.0 = Release|iPhoneSimulator
		{FB393F14-8C00-4CF9-95CD-19B5092311A1}.Debug|iPhoneSimulator.ActiveCfg = Debug|iPhoneSimulator
		{FB393F14-8C00-4CF9-95CD-19B5092311A1}.Debug|iPhoneSimulator.Build.0 = Debug|iPhoneSimulator
		{FB393F14-8C00-4CF9-95CD-19B5092311A1}.Release|iPhoneSimulator.ActiveCfg = Release|iPhoneSimulator
		{FB393F14-8C00-4CF9-95CD-19B5092311A1}.Release|iPhoneSimulator.Build.0 = Release|iPhoneSimulator
		{FB393F14-8C00-4CF9-95CD-19B5092311A1}.Debug|iPhone.ActiveCfg = Debug|iPhone
		{FB393F14-8C00-4CF9-95CD-19B5092311A1}.Debug|iPhone.Build.0 = Debug|iPhone
		{FB393F14-8C00-4CF9-95CD-19B5092311A1}.Release|iPhone.ActiveCfg = Release|iPhone
		{FB393F14-8C00-4CF9-95CD-19B5092311A1}.Release|iPhone.Build.0 = Release|iPhone
		{BD3B9136-698D-42EB-AC27-392C83D12C80}.Debug|Any CPU.ActiveCfg = Debug|Any CPU
		{BD3B9136-698D-42EB-AC27-392C83D12C80}.Debug|Any CPU.Build.0 = Debug|Any CPU
		{BD3B9136-698D-42EB-AC27-392C83D12C80}.Release|Any CPU.ActiveCfg = Release|Any CPU
		{BD3B9136-698D-42EB-AC27-392C83D12C80}.Release|Any CPU.Build.0 = Release|Any CPU
		{BD3B9136-698D-42EB-AC27-392C83D12C80}.Debug|iPhoneSimulator.ActiveCfg = Debug|Any CPU
		{BD3B9136-698D-42EB-AC27-392C83D12C80}.Debug|iPhoneSimulator.Build.0 = Debug|Any CPU
		{BD3B9136-698D-42EB-AC27-392C83D12C80}.Release|iPhoneSimulator.ActiveCfg = Release|Any CPU
		{BD3B9136-698D-42EB-AC27-392C83D12C80}.Release|iPhoneSimulator.Build.0 = Release|Any CPU
		{BD3B9136-698D-42EB-AC27-392C83D12C80}.Debug|iPhone.ActiveCfg = Debug|Any CPU
		{BD3B9136-698D-42EB-AC27-392C83D12C80}.Debug|iPhone.Build.0 = Debug|Any CPU
		{BD3B9136-698D-42EB-AC27-392C83D12C80}.Release|iPhone.ActiveCfg = Release|Any CPU
		{BD3B9136-698D-42EB-AC27-392C83D12C80}.Release|iPhone.Build.0 = Release|Any CPU
	EndGlobalSection
EndGlobal
